
Microsoft Visual Studio Solution File, Format Version 12.00
# Visual Studio Version 16
VisualStudioVersion = 16.0.30104.148
MinimumVisualStudioVersion = 10.0.40219.1
Project("{FAE04EC0-301F-11D3-BF4B-00C04F79EFBC}") = "PasswordChecker", "PasswordChecker.csproj", "{701193D3-AAD7-4F5F-A119-FD67A8BA802D}"
EndProject
Global
	GlobalSection(SolutionConfigurationPlatforms) = preSolution
		Debug|Any CPU = Debug|Any CPU
		Release|Any CPU = Release|Any CPU
	EndGlobalSection
	GlobalSection(ProjectConfigurationPlatforms) = postSolution
		{701193D3-AAD7-4F5F-A119-FD67A8BA802D}.Debug|Any CPU.ActiveCfg = Debug|Any CPU
		{701193D3-AAD7-4F5F-A119-FD67A8BA802D}.Debug|Any CPU.Build.0 = Debug|Any CPU
		{701193D3-AAD7-4F5F-A119-FD67A8BA802D}.Release|Any CPU.ActiveCfg = Release|Any CPU
		{701193D3-AAD7-4F5F-A119-FD67A8BA802D}.Release|Any CPU.Build.0 = Release|Any CPU
	EndGlobalSection
	GlobalSection(SolutionProperties) = preSolution
		HideSolutionNode = FALSE
	EndGlobalSection
	GlobalSection(ExtensibilityGlobals) = postSolution
		SolutionGuid = {23D1B14B-172A-4EEA-8F8A-F92C7344CE5F}
	EndGlobalSection
EndGlobal
